
Microsoft Visual Studio Solution File, Format Version 12.00
# Visual Studio 15
VisualStudioVersion = 15.0.27703.2018
MinimumVisualStudioVersion = 10.0.40219.1
Project("{FAE04EC0-301F-11D3-BF4B-00C04F79EFBC}") = "AppForDockerClient", "AppForDockerClient\AppForDockerClient.csproj", "{2BC5DAB9-6349-48C9-B448-43930908E27E}"
EndProject
Project("{E53339B2-1760-4266-BCC7-CA923CBCF16C}") = "docker-compose", "docker-compose.dcproj", "{E324537F-7BE6-4FA0-99A9-58340B5851E2}"
EndProject
Global
	GlobalSection(SolutionConfigurationPlatforms) = preSolution
		Debug|Any CPU = Debug|Any CPU
		Release|Any CPU = Release|Any CPU
	EndGlobalSection
	GlobalSection(ProjectConfigurationPlatforms) = postSolution
		{2BC5DAB9-6349-48C9-B448-43930908E27E}.Debug|Any CPU.ActiveCfg = Debug|Any CPU
		{2BC5DAB9-6349-48C9-B448-43930908E27E}.Debug|Any CPU.Build.0 = Debug|Any CPU
		{2BC5DAB9-6349-48C9-B448-43930908E27E}.Release|Any CPU.ActiveCfg = Release|Any CPU
		{2BC5DAB9-6349-48C9-B448-43930908E27E}.Release|Any CPU.Build.0 = Release|Any CPU
		{E324537F-7BE6-4FA0-99A9-58340B5851E2}.Debug|Any CPU.ActiveCfg = Debug|Any CPU
		{E324537F-7BE6-4FA0-99A9-58340B5851E2}.Debug|Any CPU.Build.0 = Debug|Any CPU
		{E324537F-7BE6-4FA0-99A9-58340B5851E2}.Release|Any CPU.ActiveCfg = Release|Any CPU
		{E324537F-7BE6-4FA0-99A9-58340B5851E2}.Release|Any CPU.Build.0 = Release|Any CPU
	EndGlobalSection
	GlobalSection(SolutionProperties) = preSolution
		HideSolutionNode = FALSE
	EndGlobalSection
	GlobalSection(ExtensibilityGlobals) = postSolution
		SolutionGuid = {4589CA6A-6811-4AAE-84DE-583A46CA74DF}
	EndGlobalSection
EndGlobal
